download:
  cmd: python download.py
  deps:
  - path: download.py
    md5: cb5ce0b4ebd31b30cf6aaf694bc47e46
    size: 174
  outs:
  - path: data/MNIST
    md5: 9d1cfb7573921a29dbd486972ba278dd.dir
    size: 121986948
    nfiles: 10
train:
  cmd: python train.py --model_path=model.pt --metrics_path=metrics.yaml
  deps:
  - path: data/MNIST
    md5: 9d1cfb7573921a29dbd486972ba278dd.dir
    size: 121986948
    nfiles: 10
  - path: train.py
    md5: 1b6940d140f526dacc70ccdfff4332f3
    size: 3430
  params:
    params.yaml:
      lr: 0.001
      weight_decay: 0
  outs:
  - path: metrics.yaml
    md5: 2ace15ae814b5b26ef50c95995acb771
    size: 37
  - path: model.pt
    md5: 385b197807a405937f7fffa32a5d5853
    size: 105079
